
Microsoft Visual Studio Solution File, Format Version 12.00
# Visual Studio Version 17
VisualStudioVersion = 17.5.002.0
MinimumVisualStudioVersion = 10.0.40219.1
Project("{9A19103F-16F7-4668-BE54-9A1E7A4F7556}") = "MovieLibraryAssignment", "MovieLibraryAssignment.csproj", "{3341E35F-6AB0-419F-98D7-7832303F58D3}"
EndProject
Global
	GlobalSection(SolutionConfigurationPlatforms) = preSolution
		Debug|Any CPU = Debug|Any CPU
		Release|Any CPU = Release|Any CPU
	EndGlobalSection
	GlobalSection(ProjectConfigurationPlatforms) = postSolution
		{3341E35F-6AB0-419F-98D7-7832303F58D3}.Debug|Any CPU.ActiveCfg = Debug|Any CPU
		{3341E35F-6AB0-419F-98D7-7832303F58D3}.Debug|Any CPU.Build.0 = Debug|Any CPU
		{3341E35F-6AB0-419F-98D7-7832303F58D3}.Release|Any CPU.ActiveCfg = Release|Any CPU
		{3341E35F-6AB0-419F-98D7-7832303F58D3}.Release|Any CPU.Build.0 = Release|Any CPU
	EndGlobalSection
	GlobalSection(SolutionProperties) = preSolution
		HideSolutionNode = FALSE
	EndGlobalSection
	GlobalSection(ExtensibilityGlobals) = postSolution
		SolutionGuid = {68BE0F7C-B5AD-47FA-869A-41D356215111}
	EndGlobalSection
EndGlobal
